
Microsoft Visual Studio Solution File, Format Version 12.00
# Visual Studio Version 16
VisualStudioVersion = 16.0.30611.23
MinimumVisualStudioVersion = 10.0.40219.1
Project("{FAE04EC0-301F-11D3-BF4B-00C04F79EFBC}") = "paniek", "paniek\paniek.csproj", "{A5AC848C-E961-431C-A5D0-70ED91FEC519}"
EndProject
Global
	GlobalSection(SolutionConfigurationPlatforms) = preSolution
		Debug|Any CPU = Debug|Any CPU
		Release|Any CPU = Release|Any CPU
	EndGlobalSection
	GlobalSection(ProjectConfigurationPlatforms) = postSolution
		{A5AC848C-E961-431C-A5D0-70ED91FEC519}.Debug|Any CPU.ActiveCfg = Debug|Any CPU
		{A5AC848C-E961-431C-A5D0-70ED91FEC519}.Debug|Any CPU.Build.0 = Debug|Any CPU
		{A5AC848C-E961-431C-A5D0-70ED91FEC519}.Release|Any CPU.ActiveCfg = Release|Any CPU
		{A5AC848C-E961-431C-A5D0-70ED91FEC519}.Release|Any CPU.Build.0 = Release|Any CPU
	EndGlobalSection
	GlobalSection(SolutionProperties) = preSolution
		HideSolutionNode = FALSE
	EndGlobalSection
	GlobalSection(ExtensibilityGlobals) = postSolution
		SolutionGuid = {F0E8FCB1-EBD6-413E-8913-62BBF30B204C}
	EndGlobalSection
EndGlobal
